
Microsoft Visual Studio Solution File, Format Version 12.00
# Visual Studio Version 17
VisualStudioVersion = 17.7.34024.191
MinimumVisualStudioVersion = 10.0.40219.1
Project("{FAE04EC0-301F-11D3-BF4B-00C04F79EFBC}") = "Task_Project", "Task_Project\Task_Project.csproj", "{04A0038D-0E5B-44DB-A4FA-2901B079A15A}"
EndProject
Global
	GlobalSection(SolutionConfigurationPlatforms) = preSolution
		Debug|Any CPU = Debug|Any CPU
		Release|Any CPU = Release|Any CPU
	EndGlobalSection
	GlobalSection(ProjectConfigurationPlatforms) = postSolution
		{04A0038D-0E5B-44DB-A4FA-2901B079A15A}.Debug|Any CPU.ActiveCfg = Debug|Any CPU
		{04A0038D-0E5B-44DB-A4FA-2901B079A15A}.Debug|Any CPU.Build.0 = Debug|Any CPU
		{04A0038D-0E5B-44DB-A4FA-2901B079A15A}.Release|Any CPU.ActiveCfg = Release|Any CPU
		{04A0038D-0E5B-44DB-A4FA-2901B079A15A}.Release|Any CPU.Build.0 = Release|Any CPU
	EndGlobalSection
	GlobalSection(SolutionProperties) = preSolution
		HideSolutionNode = FALSE
	EndGlobalSection
	GlobalSection(ExtensibilityGlobals) = postSolution
		SolutionGuid = {8FC6A30C-B3A9-43FD-98EC-3AFEA3206318}
	EndGlobalSection
EndGlobal
